
Microsoft Visual Studio Solution File, Format Version 12.00
# Visual Studio 15
VisualStudioVersion = 15.0.28307.106
MinimumVisualStudioVersion = 10.0.40219.1
Project("{9A19103F-16F7-4668-BE54-9A1E7A4F7556}") = "Overt.Template.Service", "src\Overt.Template.Service\Overt.Template.Service.csproj", "{62A2D1D6-D6E0-4F43-B556-AB75F46A63A6}"
EndProject
Global
	GlobalSection(SolutionConfigurationPlatforms) = preSolution
		Debug|Any CPU = Debug|Any CPU
		Release|Any CPU = Release|Any CPU
	EndGlobalSection
	GlobalSection(ProjectConfigurationPlatforms) = postSolution
		{62A2D1D6-D6E0-4F43-B556-AB75F46A63A6}.Debug|Any CPU.ActiveCfg = Debug|Any CPU
		{62A2D1D6-D6E0-4F43-B556-AB75F46A63A6}.Debug|Any CPU.Build.0 = Debug|Any CPU
		{62A2D1D6-D6E0-4F43-B556-AB75F46A63A6}.Release|Any CPU.ActiveCfg = Release|Any CPU
		{62A2D1D6-D6E0-4F43-B556-AB75F46A63A6}.Release|Any CPU.Build.0 = Release|Any CPU
	EndGlobalSection
	GlobalSection(SolutionProperties) = preSolution
		HideSolutionNode = FALSE
	EndGlobalSection
	GlobalSection(ExtensibilityGlobals) = postSolution
		SolutionGuid = {397CCB05-DF63-41DC-A3EB-1370C75C92FF}
	EndGlobalSection
EndGlobal
